// !$*UTF8*$!
{
	archiveVersion = 1;
	classes = {
	};
	objectVersion = 50;
	objects = {

/* Begin PBXBuildFile section */
		217A0CD3268026A8008705A9 /* AppDelegate.swift in Sources */ = {isa = PBXBuildFile; fileRef = 217A0CD2268026A8008705A9 /* AppDelegate.swift */; };
		217A0CD5268026A8008705A9 /* SceneDelegate.swift in Sources */ = {isa = PBXBuildFile; fileRef = 217A0CD4268026A8008705A9 /* SceneDelegate.swift */; };
		217A0CD7268026A8008705A9 /* ViewController.swift in Sources */ = {isa = PBXBuildFile; fileRef = 217A0CD6268026A8008705A9 /* ViewController.swift */; };
		217A0CDA268026A8008705A9 /* Main.storyboard in Resources */ = {isa = PBXBuildFile; fileRef = 217A0CD8268026A8008705A9 /* Main.storyboard */; };
		217A0CDC268026AB008705A9 /* Assets.xcassets in Resources */ = {isa = PBXBuildFile; fileRef = 217A0CDB268026AB008705A9 /* Assets.xcassets */; };
		217A0CDF268026AB008705A9 /* LaunchScreen.storyboard in Resources */ = {isa = PBXBuildFile; fileRef = 217A0CDD268026AB008705A9 /* LaunchScreen.storyboard */; };
		217A0CF726803207008705A9 /* SignUpFormModelValidatorTests.swift in Sources */ = {isa = PBXBuildFile; fileRef = 217A0CF626803207008705A9 /* SignUpFormModelValidatorTests.swift */; };
/* End PBXBuildFile section */

/* Begin PBXContainerItemProxy section */
		217A0CEF26802922008705A9 /* PBXContainerItemProxy */ = {
			isa = PBXContainerItemProxy;
			containerPortal = 217A0CC7268026A8008705A9 /* Project object */;
			proxyType = 1;
			remoteGlobalIDString = 217A0CCE268026A8008705A9;
			remoteInfo = TDDPhtotoAppFeatures;
		};
/* End PBXContainerItemProxy section */

/* Begin PBXFileReference section */
		217A0CCF268026A8008705A9 /* TDDPhtotoAppFeatures.app */ = {isa = PBXFileReference; explicitFileType = wrapper.application; includeInIndex = 0; path = TDDPhtotoAppFeatures.app; sourceTree = BUILT_PRODUCTS_DIR; };
		217A0CD2268026A8008705A9 /* AppDelegate.swift */ = {isa = PBXFileReference; lastKnownFileType = sourcecode.swift; path = AppDelegate.swift; sourceTree = "<group>"; };
		217A0CD4268026A8008705A9 /* SceneDelegate.swift */ = {isa = PBXFileReference; lastKnownFileType = sourcecode.swift; path = SceneDelegate.swift; sourceTree = "<group>"; };
		217A0CD6268026A8008705A9 /* ViewController.swift */ = {isa = PBXFileReference; lastKnownFileType = sourcecode.swift; path = ViewController.swift; sourceTree = "<group>"; };
		217A0CD9268026A8008705A9 /* Base */ = {isa = PBXFileReference; lastKnownFileType = file.storyboard; name = Base; path = Base.lproj/Main.storyboard; sourceTree = "<group>"; };
		217A0CDB268026AB008705A9 /* Assets.xcassets */ = {isa = PBXFileReference; lastKnownFileType = folder.assetcatalog; path = Assets.xcassets; sourceTree = "<group>"; };
		217A0CDE268026AB008705A9 /* Base */ = {isa = PBXFileReference; lastKnownFileType = file.storyboard; name = Base; path = Base.lproj/LaunchScreen.storyboard; sourceTree = "<group>"; };
		217A0CE0268026AB008705A9 /* Info.plist */ = {isa = PBXFileReference; lastKnownFileType = text.plist.xml; path = Info.plist; sourceTree = "<group>"; };
		217A0CEA26802922008705A9 /* TDDPhtotoAppFeaturesTests.xctest */ = {isa = PBXFileReference; explicitFileType = wrapper.cfbundle; includeInIndex = 0; path = TDDPhtotoAppFeaturesTests.xctest; sourceTree = BUILT_PRODUCTS_DIR; };
		217A0CEE26802922008705A9 /* Info.plist */ = {isa = PBXFileReference; lastKnownFileType = text.plist.xml; path = Info.plist; sourceTree = "<group>"; };
		217A0CF626803207008705A9 /* SignUpFormModelValidatorTests.swift */ = {isa = PBXFileReference; lastKnownFileType = sourcecode.swift; path = SignUpFormModelValidatorTests.swift; sourceTree = "<group>"; };
/* End PBXFileReference section */

/* Begin PBXFrameworksBuildPhase section */
		217A0CCC268026A8008705A9 /* Frameworks */ = {
			isa = PBXFrameworksBuildPhase;
			buildActionMask = 2147483647;
			files = (
			);
			runOnlyForDeploymentPostprocessing = 0;
		};
		217A0CE726802922008705A9 /* Frameworks */ = {
			isa = PBXFrameworksBuildPhase;
			buildActionMask = 2147483647;
			files = (
			);
			runOnlyForDeploymentPostprocessing = 0;
		};
/* End PBXFrameworksBuildPhase section */

/* Begin PBXGroup section */
		217A0CC6268026A8008705A9 = {
			isa = PBXGroup;
			children = (
				217A0CD1268026A8008705A9 /* TDDPhtotoAppFeatures */,
				217A0CEB26802922008705A9 /* TDDPhtotoAppFeaturesTests */,
				217A0CD0268026A8008705A9 /* Products */,
			);
			sourceTree = "<group>";
		};
		217A0CD0268026A8008705A9 /* Products */ = {
			isa = PBXGroup;
			children = (
				217A0CCF268026A8008705A9 /* TDDPhtotoAppFeatures.app */,
				217A0CEA26802922008705A9 /* TDDPhtotoAppFeaturesTests.xctest */,
			);
			name = Products;
			sourceTree = "<group>";
		};
		217A0CD1268026A8008705A9 /* TDDPhtotoAppFeatures */ = {
			isa = PBXGroup;
			children = (
				217A0CD2268026A8008705A9 /* AppDelegate.swift */,
				217A0CD4268026A8008705A9 /* SceneDelegate.swift */,
				217A0CD6268026A8008705A9 /* ViewController.swift */,
				217A0CD8268026A8008705A9 /* Main.storyboard */,
				217A0CDB268026AB008705A9 /* Assets.xcassets */,
				217A0CDD268026AB008705A9 /* LaunchScreen.storyboard */,
				217A0CE0268026AB008705A9 /* Info.plist */,
			);
			path = TDDPhtotoAppFeatures;
			sourceTree = "<group>";
		};
		217A0CEB26802922008705A9 /* TDDPhtotoAppFeaturesTests */ = {
			isa = PBXGroup;
			children = (
				217A0CEE26802922008705A9 /* Info.plist */,
				217A0CF626803207008705A9 /* SignUpFormModelValidatorTests.swift */,
			);
			path = TDDPhtotoAppFeaturesTests;
			sourceTree = "<group>";
		};
/* End PBXGroup section */

/* Begin PBXNativeTarget section */
		217A0CCE268026A8008705A9 /* TDDPhtotoAppFeatures */ = {
			isa = PBXNativeTarget;
			buildConfigurationList = 217A0CE3268026AB008705A9 /* Build configuration list for PBXNativeTarget "TDDPhtotoAppFeatures" */;
			buildPhases = (
				217A0CCB268026A8008705A9 /* Sources */,
				217A0CCC268026A8008705A9 /* Frameworks */,
				217A0CCD268026A8008705A9 /* Resources */,
			);
			buildRules = (
			);
			dependencies = (
			);
			name = TDDPhtotoAppFeatures;
			productName = TDDPhtotoAppFeatures;
			productReference = 217A0CCF268026A8008705A9 /* TDDPhtotoAppFeatures.app */;
			productType = "com.apple.product-type.application";
		};
		217A0CE926802922008705A9 /* TDDPhtotoAppFeaturesTests */ = {
			isa = PBXNativeTarget;
			buildConfigurationList = 217A0CF126802922008705A9 /* Build configuration list for PBXNativeTarget "TDDPhtotoAppFeaturesTests" */;
			buildPhases = (
				217A0CE626802922008705A9 /* Sources */,
				217A0CE726802922008705A9 /* Frameworks */,
				217A0CE826802922008705A9 /* Resources */,
			);
			buildRules = (
			);
			dependencies = (
				217A0CF026802922008705A9 /* PBXTargetDependency */,
			);
			name = TDDPhtotoAppFeaturesTests;
			productName = TDDPhtotoAppFeaturesTests;
			productReference = 217A0CEA26802922008705A9 /* TDDPhtotoAppFeaturesTests.xctest */;
			productType = "com.apple.product-type.bundle.unit-test";
		};
/* End PBXNativeTarget section */

/* Begin PBXProject section */
		217A0CC7268026A8008705A9 /* Project object */ = {
			isa = PBXProject;
			attributes = {
				LastSwiftUpdateCheck = 1250;
				LastUpgradeCheck = 1250;
				TargetAttributes = {
					217A0CCE268026A8008705A9 = {
						CreatedOnToolsVersion = 12.5;
					};
					217A0CE926802922008705A9 = {
						CreatedOnToolsVersion = 12.5;
						LastSwiftMigration = 1250;
						TestTargetID = 217A0CCE268026A8008705A9;
					};
				};
			};
			buildConfigurationList = 217A0CCA268026A8008705A9 /* Build configuration list for PBXProject "TDDPhtotoAppFeatures" */;
			compatibilityVersion = "Xcode 9.3";
			developmentRegion = en;
			hasScannedForEncodings = 0;
			knownRegions = (
				en,
				Base,
			);
			mainGroup = 217A0CC6268026A8008705A9;
			productRefGroup = 217A0CD0268026A8008705A9 /* Products */;
			projectDirPath = "";
			projectRoot = "";
			targets = (
				217A0CCE268026A8008705A9 /* TDDPhtotoAppFeatures */,
				217A0CE926802922008705A9 /* TDDPhtotoAppFeaturesTests */,
			);
		};
/* End PBXProject section */

/* Begin PBXResourcesBuildPhase section */
		217A0CCD268026A8008705A9 /* Resources */ = {
			isa = PBXResourcesBuildPhase;
			buildActionMask = 2147483647;
			files = (
				217A0CDF268026AB008705A9 /* LaunchScreen.storyboard in Resources */,
				217A0CDC268026AB008705A9 /* Assets.xcassets in Resources */,
				217A0CDA268026A8008705A9 /* Main.storyboard in Resources */,
			);
			runOnlyForDeploymentPostprocessing = 0;
		};
		217A0CE826802922008705A9 /* Resources */ = {
			isa = PBXResourcesBuildPhase;
			buildActionMask = 2147483647;
			files = (
			);
			runOnlyForDeploymentPostprocessing = 0;
		};
/* End PBXResourcesBuildPhase section */

/* Begin PBXSourcesBuildPhase section */
		217A0CCB268026A8008705A9 /* Sources */ = {
			isa = PBXSourcesBuildPhase;
			buildActionMask = 2147483647;
			files = (
				217A0CD7268026A8008705A9 /* ViewController.swift in Sources */,
				217A0CD3268026A8008705A9 /* AppDelegate.swift in Sources */,
				217A0CD5268026A8008705A9 /* SceneDelegate.swift in Sources */,
			);
			runOnlyForDeploymentPostprocessing = 0;
		};
		217A0CE626802922008705A9 /* Sources */ = {
			isa = PBXSourcesBuildPhase;
			buildActionMask = 2147483647;
			files = (
				217A0CF726803207008705A9 /* SignUpFormModelValidatorTests.swift in Sources */,
			);
			runOnlyForDeploymentPostprocessing = 0;
		};
/* End PBXSourcesBuildPhase section */

/* Begin PBXTargetDependency section */
		217A0CF026802922008705A9 /* PBXTargetDependency */ = {
			isa = PBXTargetDependency;
			target = 217A0CCE268026A8008705A9 /* TDDPhtotoAppFeatures */;
			targetProxy = 217A0CEF26802922008705A9 /* PBXContainerItemProxy */;
		};
/* End PBXTargetDependency section */

/* Begin PBXVariantGroup section */
		217A0CD8268026A8008705A9 /* Main.storyboard */ = {
			isa = PBXVariantGroup;
			children = (
				217A0CD9268026A8008705A9 /* Base */,
			);
			name = Main.storyboard;
			sourceTree = "<group>";
		};
		217A0CDD268026AB008705A9 /* LaunchScreen.storyboard */ = {
			isa = PBXVariantGroup;
			children = (
				217A0CDE268026AB008705A9 /* Base */,
			);
			name = LaunchScreen.storyboard;
			sourceTree = "<group>";
		};
/* End PBXVariantGroup section */

/* Begin XCBuildConfiguration section */
		217A0CE1268026AB008705A9 /* Debug */ = {
			isa = XCBuildConfiguration;
			buildSettings = {
				ALWAYS_SEARCH_USER_PATHS = NO;
				CLANG_ANALYZER_NONNULL = YES;
				CLANG_ANALYZER_NUMBER_OBJECT_CONVERSION = YES_AGGRESSIVE;
				CLANG_CXX_LANGUAGE_STANDARD = "gnu++14";
				CLANG_CXX_LIBRARY = "libc++";
				CLANG_ENABLE_MODULES = YES;
				CLANG_ENABLE_OBJC_ARC = YES;
				CLANG_ENABLE_OBJC_WEAK = YES;
				CLANG_WARN_BLOCK_CAPTURE_AUTORELEASING = YES;
				CLANG_WARN_BOOL_CONVERSION = YES;
				CLANG_WARN_COMMA = YES;
				CLANG_WARN_CONSTANT_CONVERSION = YES;
				CLANG_WARN_DEPRECATED_OBJC_IMPLEMENTATIONS = YES;
				CLANG_WARN_DIRECT_OBJC_ISA_USAGE = YES_ERROR;
				CLANG_WARN_DOCUMENTATION_COMMENTS = YES;
				CLANG_WARN_EMPTY_BODY = YES;
				CLANG_WARN_ENUM_CONVERSION = YES;
				CLANG_WARN_INFINITE_RECURSION = YES;
				CLANG_WARN_INT_CONVERSION = YES;
				CLANG_WARN_NON_LITERAL_NULL_CONVERSION = YES;
				CLANG_WARN_OBJC_IMPLICIT_RETAIN_SELF = YES;
				CLANG_WARN_OBJC_LITERAL_CONVERSION = YES;
				CLANG_WARN_OBJC_ROOT_CLASS = YES_ERROR;
				CLANG_WARN_QUOTED_INCLUDE_IN_FRAMEWORK_HEADER = YES;
				CLANG_WARN_RANGE_LOOP_ANALYSIS = YES;
				CLANG_WARN_STRICT_PROTOTYPES = YES;
				CLANG_WARN_SUSPICIOUS_MOVE = YES;
				CLANG_WARN_UNGUARDED_AVAILABILITY = YES_AGGRESSIVE;
				CLANG_WARN_UNREACHABLE_CODE = YES;
				CLANG_WARN__DUPLICATE_METHOD_MATCH = YES;
				COPY_PHASE_STRIP = NO;
				DEBUG_INFORMATION_FORMAT = dwarf;
				ENABLE_STRICT_OBJC_MSGSEND = YES;
				ENABLE_TESTABILITY = YES;
				GCC_C_LANGUAGE_STANDARD = gnu11;
				GCC_DYNAMIC_NO_PIC = NO;
				GCC_NO_COMMON_BLOCKS = YES;
				GCC_OPTIMIZATION_LEVEL = 0;
				GCC_PREPROCESSOR_DEFINITIONS = (
					"DEBUG=1",
					"$(inherited)",
				);
				GCC_WARN_64_TO_32_BIT_CONVERSION = YES;
				GCC_WARN_ABOUT_RETURN_TYPE = YES_ERROR;
				GCC_WARN_UNDECLARED_SELECTOR = YES;
				GCC_WARN_UNINITIALIZED_AUTOS = YES_AGGRESSIVE;
				GCC_WARN_UNUSED_FUNCTION = YES;
				GCC_WARN_UNUSED_VARIABLE = YES;
				IPHONEOS_DEPLOYMENT_TARGET = 14.5;
				MTL_ENABLE_DEBUG_INFO = INCLUDE_SOURCE;
				MTL_FAST_MATH = YES;
				ONLY_ACTIVE_ARCH = YES;
				SDKROOT = iphoneos;
				SWIFT_ACTIVE_COMPILATION_CONDITIONS = DEBUG;
				SWIFT_OPTIMIZATION_LEVEL = "-Onone";
			};
			name = Debug;
		};
		217A0CE2268026AB008705A9 /* Release */ = {
			isa = XCBuildConfiguration;
			buildSettings = {
				ALWAYS_SEARCH_USER_PATHS = NO;
				CLANG_ANALYZER_NONNULL = YES;
				CLANG_ANALYZER_NUMBER_OBJECT_CONVERSION = YES_AGGRESSIVE;
				CLANG_CXX_LANGUAGE_STANDARD = "gnu++14";
				CLANG_CXX_LIBRARY = "libc++";
				CLANG_ENABLE_MODULES = YES;
				CLANG_ENABLE_OBJC_ARC = YES;
				CLANG_ENABLE_OBJC_WEAK = YES;
				CLANG_WARN_BLOCK_CAPTURE_AUTORELEASING = YES;
				CLANG_WARN_BOOL_CONVERSION = YES;
				CLANG_WARN_COMMA = YES;
				CLANG_WARN_CONSTANT_CONVERSION = YES;
				CLANG_WARN_DEPRECATED_OBJC_IMPLEMENTATIONS = YES;
				CLANG_WARN_DIRECT_OBJC_ISA_USAGE = YES_ERROR;
				CLANG_WARN_DOCUMENTATION_COMMENTS = YES;
				CLANG_WARN_EMPTY_BODY = YES;
				CLANG_WARN_ENUM_CONVERSION = YES;
				CLANG_WARN_INFINITE_RECURSION = YES;
				CLANG_WARN_INT_CONVERSION = YES;
				CLANG_WARN_NON_LITERAL_NULL_CONVERSION = YES;
				CLANG_WARN_OBJC_IMPLICIT_RETAIN_SELF = YES;
				CLANG_WARN_OBJC_LITERAL_CONVERSION = YES;
				CLANG_WARN_OBJC_ROOT_CLASS = YES_ERROR;
				CLANG_WARN_QUOTED_INCLUDE_IN_FRAMEWORK_HEADER = YES;
				CLANG_WARN_RANGE_LOOP_ANALYSIS = YES;
				CLANG_WARN_STRICT_PROTOTYPES = YES;
				CLANG_WARN_SUSPICIOUS_MOVE = YES;
				CLANG_WARN_UNGUARDED_AVAILABILITY = YES_AGGRESSIVE;
				CLANG_WARN_UNREACHABLE_CODE = YES;
				CLANG_WARN__DUPLICATE_METHOD_MATCH = YES;
				COPY_PHASE_STRIP = NO;
				DEBUG_INFORMATION_FORMAT = "dwarf-with-dsym";
				ENABLE_NS_ASSERTIONS = NO;
				ENABLE_STRICT_OBJC_MSGSEND = YES;
				GCC_C_LANGUAGE_STANDARD = gnu11;
				GCC_NO_COMMON_BLOCKS = YES;
				GCC_WARN_64_TO_32_BIT_CONVERSION = YES;
				GCC_WARN_ABOUT_RETURN_TYPE = YES_ERROR;
				GCC_WARN_UNDECLARED_SELECTOR = YES;
				GCC_WARN_UNINITIALIZED_AUTOS = YES_AGGRESSIVE;
				GCC_WARN_UNUSED_FUNCTION = YES;
				GCC_WARN_UNUSED_VARIABLE = YES;
				IPHONEOS_DEPLOYMENT_TARGET = 14.5;
				MTL_ENABLE_DEBUG_INFO = NO;
				MTL_FAST_MATH = YES;
				SDKROOT = iphoneos;
				SWIFT_COMPILATION_MODE = wholemodule;
				SWIFT_OPTIMIZATION_LEVEL = "-O";
				VALIDATE_PRODUCT = YES;
			};
			name = Release;
		};
		217A0CE4268026AB008705A9 /* Debug */ = {
			isa = XCBuildConfiguration;
			buildSettings = {
				ASSETCATALOG_COMPILER_APPICON_NAME = AppIcon;
				ASSETCATALOG_COMPILER_GLOBAL_ACCENT_COLOR_NAME = AccentColor;
				CODE_SIGN_STYLE = Automatic;
				DEVELOPMENT_TEAM = QLJ84Q3ZSY;
				INFOPLIST_FILE = TDDPhtotoAppFeatures/Info.plist;
				LD_RUNPATH_SEARCH_PATHS = (
					"$(inherited)",
					"@executable_path/Frameworks",
				);
				PRODUCT_BUNDLE_IDENTIFIER = com.aveldanov.TDDPhtotoAppFeatures;
				PRODUCT_NAME = "$(TARGET_NAME)";
				SWIFT_VERSION = 5.0;
				TARGETED_DEVICE_FAMILY = "1,2";
			};
			name = Debug;
		};
		217A0CE5268026AB008705A9 /* Release */ = {
			isa = XCBuildConfiguration;
			buildSettings = {
				ASSETCATALOG_COMPILER_APPICON_NAME = AppIcon;
				ASSETCATALOG_COMPILER_GLOBAL_ACCENT_COLOR_NAME = AccentColor;
				CODE_SIGN_STYLE = Automatic;
				DEVELOPMENT_TEAM = QLJ84Q3ZSY;
				INFOPLIST_FILE = TDDPhtotoAppFeatures/Info.plist;
				LD_RUNPATH_SEARCH_PATHS = (
					"$(inherited)",
					"@executable_path/Frameworks",
				);
				PRODUCT_BUNDLE_IDENTIFIER = com.aveldanov.TDDPhtotoAppFeatures;
				PRODUCT_NAME = "$(TARGET_NAME)";
				SWIFT_VERSION = 5.0;
				TARGETED_DEVICE_FAMILY = "1,2";
			};
			name = Release;
		};
		217A0CF226802922008705A9 /* Debug */ = {
			isa = XCBuildConfiguration;
			buildSettings = {
				BUNDLE_LOADER = "$(TEST_HOST)";
				CLANG_ENABLE_MODULES = YES;
				CODE_SIGN_STYLE = Automatic;
				DEVELOPMENT_TEAM = QLJ84Q3ZSY;
				INFOPLIST_FILE = TDDPhtotoAppFeaturesTests/Info.plist;
				LD_RUNPATH_SEARCH_PATHS = (
					"$(inherited)",
					"@executable_path/Frameworks",
					"@loader_path/Frameworks",
				);
				PRODUCT_BUNDLE_IDENTIFIER = com.aveldanov.TDDPhtotoAppFeaturesTests;
				PRODUCT_NAME = "$(TARGET_NAME)";
				SWIFT_OPTIMIZATION_LEVEL = "-Onone";
				SWIFT_VERSION = 5.0;
				TARGETED_DEVICE_FAMILY = "1,2";
				TEST_HOST = "$(BUILT_PRODUCTS_DIR)/TDDPhtotoAppFeatures.app/TDDPhtotoAppFeatures";
			};
			name = Debug;
		};
		217A0CF326802922008705A9 /* Release */ = {
			isa = XCBuildConfiguration;
			buildSettings = {
				BUNDLE_LOADER = "$(TEST_HOST)";
				CLANG_ENABLE_MODULES = YES;
				CODE_SIGN_STYLE = Automatic;
				DEVELOPMENT_TEAM = QLJ84Q3ZSY;
				INFOPLIST_FILE = TDDPhtotoAppFeaturesTests/Info.plist;
				LD_RUNPATH_SEARCH_PATHS = (
					"$(inherited)",
					"@executable_path/Frameworks",
					"@loader_path/Frameworks",
				);
				PRODUCT_BUNDLE_IDENTIFIER = com.aveldanov.TDDPhtotoAppFeaturesTests;
				PRODUCT_NAME = "$(TARGET_NAME)";
				SWIFT_VERSION = 5.0;
				TARGETED_DEVICE_FAMILY = "1,2";
				TEST_HOST = "$(BUILT_PRODUCTS_DIR)/TDDPhtotoAppFeatures.app/TDDPhtotoAppFeatures";
			};
			name = Release;
		};
/* End XCBuildConfiguration section */

/* Begin XCConfigurationList section */
		217A0CCA268026A8008705A9 /* Build configuration list for PBXProject "TDDPhtotoAppFeatures" */ = {
			isa = XCConfigurationList;
			buildConfigurations = (
				217A0CE1268026AB008705A9 /* Debug */,
				217A0CE2268026AB008705A9 /* Release */,
			);
			defaultConfigurationIsVisible = 0;
			defaultConfigurationName = Release;
		};
		217A0CE3268026AB008705A9 /* Build configuration list for PBXNativeTarget "TDDPhtotoAppFeatures" */ = {
			isa = XCConfigurationList;
			buildConfigurations = (
				217A0CE4268026AB008705A9 /* Debug */,
				217A0CE5268026AB008705A9 /* Release */,
			);
			defaultConfigurationIsVisible = 0;
			defaultConfigurationName = Release;
		};
		217A0CF126802922008705A9 /* Build configuration list for PBXNativeTarget "TDDPhtotoAppFeaturesTests" */ = {
			isa = XCConfigurationList;
			buildConfigurations = (
				217A0CF226802922008705A9 /* Debug */,
				217A0CF326802922008705A9 /* Release */,
			);
			defaultConfigurationIsVisible = 0;
			defaultConfigurationName = Release;
		};
/* End XCConfigurationList section */
	};
	rootObject = 217A0CC7268026A8008705A9 /* Project object */;
}
