// !$*UTF8*$!
{
	archiveVersion = 1;
	classes = {
	};
	objectVersion = 50;
	objects = {

/* Begin PBXBuildFile section */
		212C98F125D0C49600DCB480 /* AppDelegate.swift in Sources */ = {isa = PBXBuildFile; fileRef = 212C98F025D0C49600DCB480 /* AppDelegate.swift */; };
		212C98F325D0C49600DCB480 /* SceneDelegate.swift in Sources */ = {isa = PBXBuildFile; fileRef = 212C98F225D0C49600DCB480 /* SceneDelegate.swift */; };
		212C98F525D0C49600DCB480 /* ViewController.swift in Sources */ = {isa = PBXBuildFile; fileRef = 212C98F425D0C49600DCB480 /* ViewController.swift */; };
		212C98F825D0C49600DCB480 /* Main.storyboard in Resources */ = {isa = PBXBuildFile; fileRef = 212C98F625D0C49600DCB480 /* Main.storyboard */; };
		212C98FB25D0C49600DCB480 /* TDDInActionApp.xcdatamodeld in Sources */ = {isa = PBXBuildFile; fileRef = 212C98F925D0C49600DCB480 /* TDDInActionApp.xcdatamodeld */; };
		212C98FD25D0C49900DCB480 /* Assets.xcassets in Resources */ = {isa = PBXBuildFile; fileRef = 212C98FC25D0C49900DCB480 /* Assets.xcassets */; };
		212C990025D0C49900DCB480 /* LaunchScreen.storyboard in Resources */ = {isa = PBXBuildFile; fileRef = 212C98FE25D0C49900DCB480 /* LaunchScreen.storyboard */; };
		212C991B25D0C4D500DCB480 /* SignUpFormModelValidatorTests.swift in Sources */ = {isa = PBXBuildFile; fileRef = 212C991A25D0C4D500DCB480 /* SignUpFormModelValidatorTests.swift */; };
		212C992125D0C58700DCB480 /* SignUpFormModelValidator.swift in Sources */ = {isa = PBXBuildFile; fileRef = 212C992025D0C58700DCB480 /* SignUpFormModelValidator.swift */; };
		212C992625D0C62400DCB480 /* SignUpFormModelValidator.swift in Sources */ = {isa = PBXBuildFile; fileRef = 212C992025D0C58700DCB480 /* SignUpFormModelValidator.swift */; };
/* End PBXBuildFile section */

/* Begin PBXContainerItemProxy section */
		212C991125D0C4AC00DCB480 /* PBXContainerItemProxy */ = {
			isa = PBXContainerItemProxy;
			containerPortal = 212C98E525D0C49600DCB480 /* Project object */;
			proxyType = 1;
			remoteGlobalIDString = 212C98EC25D0C49600DCB480;
			remoteInfo = TDDInActionApp;
		};
/* End PBXContainerItemProxy section */

/* Begin PBXFileReference section */
		212C98ED25D0C49600DCB480 /* TDDInActionApp.app */ = {isa = PBXFileReference; explicitFileType = wrapper.application; includeInIndex = 0; path = TDDInActionApp.app; sourceTree = BUILT_PRODUCTS_DIR; };
		212C98F025D0C49600DCB480 /* AppDelegate.swift */ = {isa = PBXFileReference; lastKnownFileType = sourcecode.swift; path = AppDelegate.swift; sourceTree = "<group>"; };
		212C98F225D0C49600DCB480 /* SceneDelegate.swift */ = {isa = PBXFileReference; lastKnownFileType = sourcecode.swift; path = SceneDelegate.swift; sourceTree = "<group>"; };
		212C98F425D0C49600DCB480 /* ViewController.swift */ = {isa = PBXFileReference; lastKnownFileType = sourcecode.swift; path = ViewController.swift; sourceTree = "<group>"; };
		212C98F725D0C49600DCB480 /* Base */ = {isa = PBXFileReference; lastKnownFileType = file.storyboard; name = Base; path = Base.lproj/Main.storyboard; sourceTree = "<group>"; };
		212C98FA25D0C49600DCB480 /* TDDInActionApp.xcdatamodel */ = {isa = PBXFileReference; lastKnownFileType = wrapper.xcdatamodel; path = TDDInActionApp.xcdatamodel; sourceTree = "<group>"; };
		212C98FC25D0C49900DCB480 /* Assets.xcassets */ = {isa = PBXFileReference; lastKnownFileType = folder.assetcatalog; path = Assets.xcassets; sourceTree = "<group>"; };
		212C98FF25D0C49900DCB480 /* Base */ = {isa = PBXFileReference; lastKnownFileType = file.storyboard; name = Base; path = Base.lproj/LaunchScreen.storyboard; sourceTree = "<group>"; };
		212C990125D0C49900DCB480 /* Info.plist */ = {isa = PBXFileReference; lastKnownFileType = text.plist.xml; path = Info.plist; sourceTree = "<group>"; };
		212C990C25D0C4AC00DCB480 /* TDDInActionAppTests.xctest */ = {isa = PBXFileReference; explicitFileType = wrapper.cfbundle; includeInIndex = 0; path = TDDInActionAppTests.xctest; sourceTree = BUILT_PRODUCTS_DIR; };
		212C991025D0C4AC00DCB480 /* Info.plist */ = {isa = PBXFileReference; lastKnownFileType = text.plist.xml; path = Info.plist; sourceTree = "<group>"; };
		212C991A25D0C4D500DCB480 /* SignUpFormModelValidatorTests.swift */ = {isa = PBXFileReference; lastKnownFileType = sourcecode.swift; path = SignUpFormModelValidatorTests.swift; sourceTree = "<group>"; };
		212C992025D0C58700DCB480 /* SignUpFormModelValidator.swift */ = {isa = PBXFileReference; lastKnownFileType = sourcecode.swift; path = SignUpFormModelValidator.swift; sourceTree = "<group>"; };
/* End PBXFileReference section */

/* Begin PBXFrameworksBuildPhase section */
		212C98EA25D0C49600DCB480 /* Frameworks */ = {
			isa = PBXFrameworksBuildPhase;
			buildActionMask = 2147483647;
			files = (
			);
			runOnlyForDeploymentPostprocessing = 0;
		};
		212C990925D0C4AC00DCB480 /* Frameworks */ = {
			isa = PBXFrameworksBuildPhase;
			buildActionMask = 2147483647;
			files = (
			);
			runOnlyForDeploymentPostprocessing = 0;
		};
/* End PBXFrameworksBuildPhase section */

/* Begin PBXGroup section */
		212C98E425D0C49600DCB480 = {
			isa = PBXGroup;
			children = (
				212C98EF25D0C49600DCB480 /* TDDInActionApp */,
				212C990D25D0C4AC00DCB480 /* TDDInActionAppTests */,
				212C98EE25D0C49600DCB480 /* Products */,
			);
			sourceTree = "<group>";
		};
		212C98EE25D0C49600DCB480 /* Products */ = {
			isa = PBXGroup;
			children = (
				212C98ED25D0C49600DCB480 /* TDDInActionApp.app */,
				212C990C25D0C4AC00DCB480 /* TDDInActionAppTests.xctest */,
			);
			name = Products;
			sourceTree = "<group>";
		};
		212C98EF25D0C49600DCB480 /* TDDInActionApp */ = {
			isa = PBXGroup;
			children = (
				212C98F025D0C49600DCB480 /* AppDelegate.swift */,
				212C98F225D0C49600DCB480 /* SceneDelegate.swift */,
				212C98F425D0C49600DCB480 /* ViewController.swift */,
				212C98F625D0C49600DCB480 /* Main.storyboard */,
				212C992025D0C58700DCB480 /* SignUpFormModelValidator.swift */,
				212C98FC25D0C49900DCB480 /* Assets.xcassets */,
				212C98FE25D0C49900DCB480 /* LaunchScreen.storyboard */,
				212C990125D0C49900DCB480 /* Info.plist */,
				212C98F925D0C49600DCB480 /* TDDInActionApp.xcdatamodeld */,
			);
			path = TDDInActionApp;
			sourceTree = "<group>";
		};
		212C990D25D0C4AC00DCB480 /* TDDInActionAppTests */ = {
			isa = PBXGroup;
			children = (
				212C991025D0C4AC00DCB480 /* Info.plist */,
				212C991A25D0C4D500DCB480 /* SignUpFormModelValidatorTests.swift */,
			);
			path = TDDInActionAppTests;
			sourceTree = "<group>";
		};
/* End PBXGroup section */

/* Begin PBXNativeTarget section */
		212C98EC25D0C49600DCB480 /* TDDInActionApp */ = {
			isa = PBXNativeTarget;
			buildConfigurationList = 212C990425D0C49900DCB480 /* Build configuration list for PBXNativeTarget "TDDInActionApp" */;
			buildPhases = (
				212C98E925D0C49600DCB480 /* Sources */,
				212C98EA25D0C49600DCB480 /* Frameworks */,
				212C98EB25D0C49600DCB480 /* Resources */,
			);
			buildRules = (
			);
			dependencies = (
			);
			name = TDDInActionApp;
			productName = TDDInActionApp;
			productReference = 212C98ED25D0C49600DCB480 /* TDDInActionApp.app */;
			productType = "com.apple.product-type.application";
		};
		212C990B25D0C4AC00DCB480 /* TDDInActionAppTests */ = {
			isa = PBXNativeTarget;
			buildConfigurationList = 212C991325D0C4AC00DCB480 /* Build configuration list for PBXNativeTarget "TDDInActionAppTests" */;
			buildPhases = (
				212C990825D0C4AC00DCB480 /* Sources */,
				212C990925D0C4AC00DCB480 /* Frameworks */,
				212C990A25D0C4AC00DCB480 /* Resources */,
			);
			buildRules = (
			);
			dependencies = (
				212C991225D0C4AC00DCB480 /* PBXTargetDependency */,
			);
			name = TDDInActionAppTests;
			productName = TDDInActionAppTests;
			productReference = 212C990C25D0C4AC00DCB480 /* TDDInActionAppTests.xctest */;
			productType = "com.apple.product-type.bundle.unit-test";
		};
/* End PBXNativeTarget section */

/* Begin PBXProject section */
		212C98E525D0C49600DCB480 /* Project object */ = {
			isa = PBXProject;
			attributes = {
				LastSwiftUpdateCheck = 1240;
				LastUpgradeCheck = 1240;
				TargetAttributes = {
					212C98EC25D0C49600DCB480 = {
						CreatedOnToolsVersion = 12.4;
					};
					212C990B25D0C4AC00DCB480 = {
						CreatedOnToolsVersion = 12.4;
						LastSwiftMigration = 1240;
					};
				};
			};
			buildConfigurationList = 212C98E825D0C49600DCB480 /* Build configuration list for PBXProject "TDDInActionApp" */;
			compatibilityVersion = "Xcode 9.3";
			developmentRegion = en;
			hasScannedForEncodings = 0;
			knownRegions = (
				en,
				Base,
			);
			mainGroup = 212C98E425D0C49600DCB480;
			productRefGroup = 212C98EE25D0C49600DCB480 /* Products */;
			projectDirPath = "";
			projectRoot = "";
			targets = (
				212C98EC25D0C49600DCB480 /* TDDInActionApp */,
				212C990B25D0C4AC00DCB480 /* TDDInActionAppTests */,
			);
		};
/* End PBXProject section */

/* Begin PBXResourcesBuildPhase section */
		212C98EB25D0C49600DCB480 /* Resources */ = {
			isa = PBXResourcesBuildPhase;
			buildActionMask = 2147483647;
			files = (
				212C990025D0C49900DCB480 /* LaunchScreen.storyboard in Resources */,
				212C98FD25D0C49900DCB480 /* Assets.xcassets in Resources */,
				212C98F825D0C49600DCB480 /* Main.storyboard in Resources */,
			);
			runOnlyForDeploymentPostprocessing = 0;
		};
		212C990A25D0C4AC00DCB480 /* Resources */ = {
			isa = PBXResourcesBuildPhase;
			buildActionMask = 2147483647;
			files = (
			);
			runOnlyForDeploymentPostprocessing = 0;
		};
/* End PBXResourcesBuildPhase section */

/* Begin PBXSourcesBuildPhase section */
		212C98E925D0C49600DCB480 /* Sources */ = {
			isa = PBXSourcesBuildPhase;
			buildActionMask = 2147483647;
			files = (
				212C98F525D0C49600DCB480 /* ViewController.swift in Sources */,
				212C992125D0C58700DCB480 /* SignUpFormModelValidator.swift in Sources */,
				212C98FB25D0C49600DCB480 /* TDDInActionApp.xcdatamodeld in Sources */,
				212C98F125D0C49600DCB480 /* AppDelegate.swift in Sources */,
				212C98F325D0C49600DCB480 /* SceneDelegate.swift in Sources */,
			);
			runOnlyForDeploymentPostprocessing = 0;
		};
		212C990825D0C4AC00DCB480 /* Sources */ = {
			isa = PBXSourcesBuildPhase;
			buildActionMask = 2147483647;
			files = (
				212C992625D0C62400DCB480 /* SignUpFormModelValidator.swift in Sources */,
				212C991B25D0C4D500DCB480 /* SignUpFormModelValidatorTests.swift in Sources */,
			);
			runOnlyForDeploymentPostprocessing = 0;
		};
/* End PBXSourcesBuildPhase section */

/* Begin PBXTargetDependency section */
		212C991225D0C4AC00DCB480 /* PBXTargetDependency */ = {
			isa = PBXTargetDependency;
			target = 212C98EC25D0C49600DCB480 /* TDDInActionApp */;
			targetProxy = 212C991125D0C4AC00DCB480 /* PBXContainerItemProxy */;
		};
/* End PBXTargetDependency section */

/* Begin PBXVariantGroup section */
		212C98F625D0C49600DCB480 /* Main.storyboard */ = {
			isa = PBXVariantGroup;
			children = (
				212C98F725D0C49600DCB480 /* Base */,
			);
			name = Main.storyboard;
			sourceTree = "<group>";
		};
		212C98FE25D0C49900DCB480 /* LaunchScreen.storyboard */ = {
			isa = PBXVariantGroup;
			children = (
				212C98FF25D0C49900DCB480 /* Base */,
			);
			name = LaunchScreen.storyboard;
			sourceTree = "<group>";
		};
/* End PBXVariantGroup section */

/* Begin XCBuildConfiguration section */
		212C990225D0C49900DCB480 /* Debug */ = {
			isa = XCBuildConfiguration;
			buildSettings = {
				ALWAYS_SEARCH_USER_PATHS = NO;
				CLANG_ANALYZER_NONNULL = YES;
				CLANG_ANALYZER_NUMBER_OBJECT_CONVERSION = YES_AGGRESSIVE;
				CLANG_CXX_LANGUAGE_STANDARD = "gnu++14";
				CLANG_CXX_LIBRARY = "libc++";
				CLANG_ENABLE_MODULES = YES;
				CLANG_ENABLE_OBJC_ARC = YES;
				CLANG_ENABLE_OBJC_WEAK = YES;
				CLANG_WARN_BLOCK_CAPTURE_AUTORELEASING = YES;
				CLANG_WARN_BOOL_CONVERSION = YES;
				CLANG_WARN_COMMA = YES;
				CLANG_WARN_CONSTANT_CONVERSION = YES;
				CLANG_WARN_DEPRECATED_OBJC_IMPLEMENTATIONS = YES;
				CLANG_WARN_DIRECT_OBJC_ISA_USAGE = YES_ERROR;
				CLANG_WARN_DOCUMENTATION_COMMENTS = YES;
				CLANG_WARN_EMPTY_BODY = YES;
				CLANG_WARN_ENUM_CONVERSION = YES;
				CLANG_WARN_INFINITE_RECURSION = YES;
				CLANG_WARN_INT_CONVERSION = YES;
				CLANG_WARN_NON_LITERAL_NULL_CONVERSION = YES;
				CLANG_WARN_OBJC_IMPLICIT_RETAIN_SELF = YES;
				CLANG_WARN_OBJC_LITERAL_CONVERSION = YES;
				CLANG_WARN_OBJC_ROOT_CLASS = YES_ERROR;
				CLANG_WARN_QUOTED_INCLUDE_IN_FRAMEWORK_HEADER = YES;
				CLANG_WARN_RANGE_LOOP_ANALYSIS = YES;
				CLANG_WARN_STRICT_PROTOTYPES = YES;
				CLANG_WARN_SUSPICIOUS_MOVE = YES;
				CLANG_WARN_UNGUARDED_AVAILABILITY = YES_AGGRESSIVE;
				CLANG_WARN_UNREACHABLE_CODE = YES;
				CLANG_WARN__DUPLICATE_METHOD_MATCH = YES;
				COPY_PHASE_STRIP = NO;
				DEBUG_INFORMATION_FORMAT = dwarf;
				ENABLE_STRICT_OBJC_MSGSEND = YES;
				ENABLE_TESTABILITY = YES;
				GCC_C_LANGUAGE_STANDARD = gnu11;
				GCC_DYNAMIC_NO_PIC = NO;
				GCC_NO_COMMON_BLOCKS = YES;
				GCC_OPTIMIZATION_LEVEL = 0;
				GCC_PREPROCESSOR_DEFINITIONS = (
					"DEBUG=1",
					"$(inherited)",
				);
				GCC_WARN_64_TO_32_BIT_CONVERSION = YES;
				GCC_WARN_ABOUT_RETURN_TYPE = YES_ERROR;
				GCC_WARN_UNDECLARED_SELECTOR = YES;
				GCC_WARN_UNINITIALIZED_AUTOS = YES_AGGRESSIVE;
				GCC_WARN_UNUSED_FUNCTION = YES;
				GCC_WARN_UNUSED_VARIABLE = YES;
				IPHONEOS_DEPLOYMENT_TARGET = 14.4;
				MTL_ENABLE_DEBUG_INFO = INCLUDE_SOURCE;
				MTL_FAST_MATH = YES;
				ONLY_ACTIVE_ARCH = YES;
				SDKROOT = iphoneos;
				SWIFT_ACTIVE_COMPILATION_CONDITIONS = DEBUG;
				SWIFT_OPTIMIZATION_LEVEL = "-Onone";
			};
			name = Debug;
		};
		212C990325D0C49900DCB480 /* Release */ = {
			isa = XCBuildConfiguration;
			buildSettings = {
				ALWAYS_SEARCH_USER_PATHS = NO;
				CLANG_ANALYZER_NONNULL = YES;
				CLANG_ANALYZER_NUMBER_OBJECT_CONVERSION = YES_AGGRESSIVE;
				CLANG_CXX_LANGUAGE_STANDARD = "gnu++14";
				CLANG_CXX_LIBRARY = "libc++";
				CLANG_ENABLE_MODULES = YES;
				CLANG_ENABLE_OBJC_ARC = YES;
				CLANG_ENABLE_OBJC_WEAK = YES;
				CLANG_WARN_BLOCK_CAPTURE_AUTORELEASING = YES;
				CLANG_WARN_BOOL_CONVERSION = YES;
				CLANG_WARN_COMMA = YES;
				CLANG_WARN_CONSTANT_CONVERSION = YES;
				CLANG_WARN_DEPRECATED_OBJC_IMPLEMENTATIONS = YES;
				CLANG_WARN_DIRECT_OBJC_ISA_USAGE = YES_ERROR;
				CLANG_WARN_DOCUMENTATION_COMMENTS = YES;
				CLANG_WARN_EMPTY_BODY = YES;
				CLANG_WARN_ENUM_CONVERSION = YES;
				CLANG_WARN_INFINITE_RECURSION = YES;
				CLANG_WARN_INT_CONVERSION = YES;
				CLANG_WARN_NON_LITERAL_NULL_CONVERSION = YES;
				CLANG_WARN_OBJC_IMPLICIT_RETAIN_SELF = YES;
				CLANG_WARN_OBJC_LITERAL_CONVERSION = YES;
				CLANG_WARN_OBJC_ROOT_CLASS = YES_ERROR;
				CLANG_WARN_QUOTED_INCLUDE_IN_FRAMEWORK_HEADER = YES;
				CLANG_WARN_RANGE_LOOP_ANALYSIS = YES;
				CLANG_WARN_STRICT_PROTOTYPES = YES;
				CLANG_WARN_SUSPICIOUS_MOVE = YES;
				CLANG_WARN_UNGUARDED_AVAILABILITY = YES_AGGRESSIVE;
				CLANG_WARN_UNREACHABLE_CODE = YES;
				CLANG_WARN__DUPLICATE_METHOD_MATCH = YES;
				COPY_PHASE_STRIP = NO;
				DEBUG_INFORMATION_FORMAT = "dwarf-with-dsym";
				ENABLE_NS_ASSERTIONS = NO;
				ENABLE_STRICT_OBJC_MSGSEND = YES;
				GCC_C_LANGUAGE_STANDARD = gnu11;
				GCC_NO_COMMON_BLOCKS = YES;
				GCC_WARN_64_TO_32_BIT_CONVERSION = YES;
				GCC_WARN_ABOUT_RETURN_TYPE = YES_ERROR;
				GCC_WARN_UNDECLARED_SELECTOR = YES;
				GCC_WARN_UNINITIALIZED_AUTOS = YES_AGGRESSIVE;
				GCC_WARN_UNUSED_FUNCTION = YES;
				GCC_WARN_UNUSED_VARIABLE = YES;
				IPHONEOS_DEPLOYMENT_TARGET = 14.4;
				MTL_ENABLE_DEBUG_INFO = NO;
				MTL_FAST_MATH = YES;
				SDKROOT = iphoneos;
				SWIFT_COMPILATION_MODE = wholemodule;
				SWIFT_OPTIMIZATION_LEVEL = "-O";
				VALIDATE_PRODUCT = YES;
			};
			name = Release;
		};
		212C990525D0C49900DCB480 /* Debug */ = {
			isa = XCBuildConfiguration;
			buildSettings = {
				ASSETCATALOG_COMPILER_APPICON_NAME = AppIcon;
				ASSETCATALOG_COMPILER_GLOBAL_ACCENT_COLOR_NAME = AccentColor;
				CODE_SIGN_STYLE = Automatic;
				DEVELOPMENT_TEAM = QLJ84Q3ZSY;
				INFOPLIST_FILE = TDDInActionApp/Info.plist;
				LD_RUNPATH_SEARCH_PATHS = (
					"$(inherited)",
					"@executable_path/Frameworks",
				);
				PRODUCT_BUNDLE_IDENTIFIER = com.aveldanov.TDDInActionApp;
				PRODUCT_NAME = "$(TARGET_NAME)";
				SWIFT_VERSION = 5.0;
				TARGETED_DEVICE_FAMILY = "1,2";
			};
			name = Debug;
		};
		212C990625D0C49900DCB480 /* Release */ = {
			isa = XCBuildConfiguration;
			buildSettings = {
				ASSETCATALOG_COMPILER_APPICON_NAME = AppIcon;
				ASSETCATALOG_COMPILER_GLOBAL_ACCENT_COLOR_NAME = AccentColor;
				CODE_SIGN_STYLE = Automatic;
				DEVELOPMENT_TEAM = QLJ84Q3ZSY;
				INFOPLIST_FILE = TDDInActionApp/Info.plist;
				LD_RUNPATH_SEARCH_PATHS = (
					"$(inherited)",
					"@executable_path/Frameworks",
				);
				PRODUCT_BUNDLE_IDENTIFIER = com.aveldanov.TDDInActionApp;
				PRODUCT_NAME = "$(TARGET_NAME)";
				SWIFT_VERSION = 5.0;
				TARGETED_DEVICE_FAMILY = "1,2";
			};
			name = Release;
		};
		212C991425D0C4AC00DCB480 /* Debug */ = {
			isa = XCBuildConfiguration;
			buildSettings = {
				CLANG_ENABLE_MODULES = YES;
				CODE_SIGN_STYLE = Automatic;
				DEVELOPMENT_TEAM = QLJ84Q3ZSY;
				INFOPLIST_FILE = TDDInActionAppTests/Info.plist;
				LD_RUNPATH_SEARCH_PATHS = (
					"$(inherited)",
					"@executable_path/Frameworks",
					"@loader_path/Frameworks",
				);
				PRODUCT_BUNDLE_IDENTIFIER = com.aveldanov.TDDInActionAppTests;
				PRODUCT_NAME = "$(TARGET_NAME)";
				SWIFT_OPTIMIZATION_LEVEL = "-Onone";
				SWIFT_VERSION = 5.0;
				TARGETED_DEVICE_FAMILY = "1,2";
			};
			name = Debug;
		};
		212C991525D0C4AC00DCB480 /* Release */ = {
			isa = XCBuildConfiguration;
			buildSettings = {
				CLANG_ENABLE_MODULES = YES;
				CODE_SIGN_STYLE = Automatic;
				DEVELOPMENT_TEAM = QLJ84Q3ZSY;
				INFOPLIST_FILE = TDDInActionAppTests/Info.plist;
				LD_RUNPATH_SEARCH_PATHS = (
					"$(inherited)",
					"@executable_path/Frameworks",
					"@loader_path/Frameworks",
				);
				PRODUCT_BUNDLE_IDENTIFIER = com.aveldanov.TDDInActionAppTests;
				PRODUCT_NAME = "$(TARGET_NAME)";
				SWIFT_VERSION = 5.0;
				TARGETED_DEVICE_FAMILY = "1,2";
			};
			name = Release;
		};
/* End XCBuildConfiguration section */

/* Begin XCConfigurationList section */
		212C98E825D0C49600DCB480 /* Build configuration list for PBXProject "TDDInActionApp" */ = {
			isa = XCConfigurationList;
			buildConfigurations = (
				212C990225D0C49900DCB480 /* Debug */,
				212C990325D0C49900DCB480 /* Release */,
			);
			defaultConfigurationIsVisible = 0;
			defaultConfigurationName = Release;
		};
		212C990425D0C49900DCB480 /* Build configuration list for PBXNativeTarget "TDDInActionApp" */ = {
			isa = XCConfigurationList;
			buildConfigurations = (
				212C990525D0C49900DCB480 /* Debug */,
				212C990625D0C49900DCB480 /* Release */,
			);
			defaultConfigurationIsVisible = 0;
			defaultConfigurationName = Release;
		};
		212C991325D0C4AC00DCB480 /* Build configuration list for PBXNativeTarget "TDDInActionAppTests" */ = {
			isa = XCConfigurationList;
			buildConfigurations = (
				212C991425D0C4AC00DCB480 /* Debug */,
				212C991525D0C4AC00DCB480 /* Release */,
			);
			defaultConfigurationIsVisible = 0;
			defaultConfigurationName = Release;
		};
/* End XCConfigurationList section */

/* Begin XCVersionGroup section */
		212C98F925D0C49600DCB480 /* TDDInActionApp.xcdatamodeld */ = {
			isa = XCVersionGroup;
			children = (
				212C98FA25D0C49600DCB480 /* TDDInActionApp.xcdatamodel */,
			);
			currentVersion = 212C98FA25D0C49600DCB480 /* TDDInActionApp.xcdatamodel */;
			path = TDDInActionApp.xcdatamodeld;
			sourceTree = "<group>";
			versionGroupType = wrapper.xcdatamodel;
		};
/* End XCVersionGroup section */
	};
	rootObject = 212C98E525D0C49600DCB480 /* Project object */;
}
